
Microsoft Visual Studio Solution File, Format Version 12.00
# Visual Studio Version 17
VisualStudioVersion = 17.4.33122.133
MinimumVisualStudioVersion = 10.0.40219.1
Project("{FAE04EC0-301F-11D3-BF4B-00C04F79EFBC}") = "task1", "task1\task1.csproj", "{7C7BAA95-04F6-46C3-8190-978234CE018B}"
EndProject
Global
	GlobalSection(SolutionConfigurationPlatforms) = preSolution
		Debug|Any CPU = Debug|Any CPU
		Release|Any CPU = Release|Any CPU
	EndGlobalSection
	GlobalSection(ProjectConfigurationPlatforms) = postSolution
		{7C7BAA95-04F6-46C3-8190-978234CE018B}.Debug|Any CPU.ActiveCfg = Debug|Any CPU
		{7C7BAA95-04F6-46C3-8190-978234CE018B}.Debug|Any CPU.Build.0 = Debug|Any CPU
		{7C7BAA95-04F6-46C3-8190-978234CE018B}.Release|Any CPU.ActiveCfg = Release|Any CPU
		{7C7BAA95-04F6-46C3-8190-978234CE018B}.Release|Any CPU.Build.0 = Release|Any CPU
	EndGlobalSection
	GlobalSection(SolutionProperties) = preSolution
		HideSolutionNode = FALSE
	EndGlobalSection
	GlobalSection(ExtensibilityGlobals) = postSolution
		SolutionGuid = {77D558F8-21DB-423D-9341-87DBCDD5DFFF}
	EndGlobalSection
EndGlobal
